// !$*UTF8*$!
{
	archiveVersion = 1;
	classes = {
	};
	objectVersion = 52;
	objects = {

/* Begin PBXBuildFile section */
		2A29C2D826078D1D00953618 /* SelectShopSheetView.swift in Sources */ = {isa = PBXBuildFile; fileRef = 2A29C2D726078D1D00953618 /* SelectShopSheetView.swift */; };
		2A29C2E02607907B00953618 /* SelectShopSheetViewModel.swift in Sources */ = {isa = PBXBuildFile; fileRef = 2A29C2DF2607907B00953618 /* SelectShopSheetViewModel.swift */; };
		2A29C2E5260791A800953618 /* ShopListRow.swift in Sources */ = {isa = PBXBuildFile; fileRef = 2A29C2E4260791A800953618 /* ShopListRow.swift */; };
		2A4BD9F4262C684200BEC349 /* ModuleInjector.swift in Sources */ = {isa = PBXBuildFile; fileRef = 2A4BD9F3262C684200BEC349 /* ModuleInjector.swift */; };
		2A64664425F3530700CE770E /* ContentViewModel.swift in Sources */ = {isa = PBXBuildFile; fileRef = 2A64664325F3530700CE770E /* ContentViewModel.swift */; };
		2A64664F25F4894B00CE770E /* Commodity.swift in Sources */ = {isa = PBXBuildFile; fileRef = 2A64664E25F4894B00CE770E /* Commodity.swift */; };
		2A64665425F48A5A00CE770E /* Shop.swift in Sources */ = {isa = PBXBuildFile; fileRef = 2A64665325F48A5A00CE770E /* Shop.swift */; };
		2A64665925F48F9700CE770E /* ShopRepository.swift in Sources */ = {isa = PBXBuildFile; fileRef = 2A64665825F48F9700CE770E /* ShopRepository.swift */; };
		2A64666425F49CE000CE770E /* CommodityPrice.swift in Sources */ = {isa = PBXBuildFile; fileRef = 2A64666325F49CE000CE770E /* CommodityPrice.swift */; };
		2A64666925F4A34C00CE770E /* CommodityPriceRepository.swift in Sources */ = {isa = PBXBuildFile; fileRef = 2A64666825F4A34C00CE770E /* CommodityPriceRepository.swift */; };
		2A9363EE25C56D4A00BD4FEA /* ComparePricesApp.swift in Sources */ = {isa = PBXBuildFile; fileRef = 2A9363ED25C56D4A00BD4FEA /* ComparePricesApp.swift */; };
		2A9363F025C56D4A00BD4FEA /* ContentView.swift in Sources */ = {isa = PBXBuildFile; fileRef = 2A9363EF25C56D4A00BD4FEA /* ContentView.swift */; };
		2A9363F225C56D4A00BD4FEA /* Assets.xcassets in Resources */ = {isa = PBXBuildFile; fileRef = 2A9363F125C56D4A00BD4FEA /* Assets.xcassets */; };
		2A9363F525C56D4A00BD4FEA /* Preview Assets.xcassets in Resources */ = {isa = PBXBuildFile; fileRef = 2A9363F425C56D4A00BD4FEA /* Preview Assets.xcassets */; };
		2A93640025C56D4A00BD4FEA /* ComparePricesTests.swift in Sources */ = {isa = PBXBuildFile; fileRef = 2A9363FF25C56D4A00BD4FEA /* ComparePricesTests.swift */; };
		2A93640B25C56D4A00BD4FEA /* ComparePricesUITests.swift in Sources */ = {isa = PBXBuildFile; fileRef = 2A93640A25C56D4A00BD4FEA /* ComparePricesUITests.swift */; };
		2A93642125C5723000BD4FEA /* CommodityListView.swift in Sources */ = {isa = PBXBuildFile; fileRef = 2A93642025C5723000BD4FEA /* CommodityListView.swift */; };
		2A93642C25C5974A00BD4FEA /* CommodityRowView.swift in Sources */ = {isa = PBXBuildFile; fileRef = 2A93642B25C5974A00BD4FEA /* CommodityRowView.swift */; };
		2A93644825C6A30500BD4FEA /* CommodityListRow.swift in Sources */ = {isa = PBXBuildFile; fileRef = 2A93644725C6A30500BD4FEA /* CommodityListRow.swift */; };
		2A93644D25C6BA6500BD4FEA /* CommodityListViewModel.swift in Sources */ = {isa = PBXBuildFile; fileRef = 2A93644C25C6BA6500BD4FEA /* CommodityListViewModel.swift */; };
		2AC3EA4125EB61DF00E81AD5 /* AddCommodityView.swift in Sources */ = {isa = PBXBuildFile; fileRef = 2AC3EA4025EB61DF00E81AD5 /* AddCommodityView.swift */; };
		2AC3EA4625EB66E900E81AD5 /* AddCommodityViewModel.swift in Sources */ = {isa = PBXBuildFile; fileRef = 2AC3EA4525EB66E900E81AD5 /* AddCommodityViewModel.swift */; };
		2AC3EA4C25EB967A00E81AD5 /* IntExtensions.swift in Sources */ = {isa = PBXBuildFile; fileRef = 2AC3EA4B25EB967A00E81AD5 /* IntExtensions.swift */; };
		2AC3EA5125EBD56900E81AD5 /* SubmitButton.swift in Sources */ = {isa = PBXBuildFile; fileRef = 2AC3EA5025EBD56900E81AD5 /* SubmitButton.swift */; };
		2AC3EA5625EBEDF400E81AD5 /* CommodityDetailView.swift in Sources */ = {isa = PBXBuildFile; fileRef = 2AC3EA5525EBEDF400E81AD5 /* CommodityDetailView.swift */; };
		2AE4A97425D961510022D873 /* NavigationBackButton.swift in Sources */ = {isa = PBXBuildFile; fileRef = 2AE4A97325D961510022D873 /* NavigationBackButton.swift */; };
		2AF14CEE25E3D7F0004E901C /* DIContainer.swift in Sources */ = {isa = PBXBuildFile; fileRef = 2AF14CED25E3D7F0004E901C /* DIContainer.swift */; };
		2AF14CF325E3DD40004E901C /* Injected.swift in Sources */ = {isa = PBXBuildFile; fileRef = 2AF14CF225E3DD40004E901C /* Injected.swift */; };
		2AF14CFC25E3E821004E901C /* CommodityRepository.swift in Sources */ = {isa = PBXBuildFile; fileRef = 2AF14CFB25E3E821004E901C /* CommodityRepository.swift */; };
		7C0AAF3F264FE6FD00FC8B24 /* AddPurchaseResultView.swift in Sources */ = {isa = PBXBuildFile; fileRef = 7C0AAF3E264FE6FD00FC8B24 /* AddPurchaseResultView.swift */; };
		7C0AAF41264FE8C700FC8B24 /* AddPurchaseResultViewModel.swift in Sources */ = {isa = PBXBuildFile; fileRef = 7C0AAF40264FE8C700FC8B24 /* AddPurchaseResultViewModel.swift */; };
		7C0AAF462650378900FC8B24 /* SelectCommoditySheetView.swift in Sources */ = {isa = PBXBuildFile; fileRef = 7C0AAF452650378900FC8B24 /* SelectCommoditySheetView.swift */; };
		7C0AAF48265037F900FC8B24 /* SelectCommoditySheetViewModel.swift in Sources */ = {isa = PBXBuildFile; fileRef = 7C0AAF47265037F900FC8B24 /* SelectCommoditySheetViewModel.swift */; };
		7C3048CF2634128E00D1FBFE /* CommodityDetailViewModel.swift in Sources */ = {isa = PBXBuildFile; fileRef = 7C3048CE2634128E00D1FBFE /* CommodityDetailViewModel.swift */; };
		7C3048D4263415CF00D1FBFE /* ShopPriceListRow.swift in Sources */ = {isa = PBXBuildFile; fileRef = 7C3048D3263415CF00D1FBFE /* ShopPriceListRow.swift */; };
		7C44730F263BEB650001F9EB /* AddCircleButton.swift in Sources */ = {isa = PBXBuildFile; fileRef = 7C44730E263BEB650001F9EB /* AddCircleButton.swift */; };
		7C497346263F04BB0051091B /* SFSafeSymbols in Frameworks */ = {isa = PBXBuildFile; productRef = 7C497345263F04BB0051091B /* SFSafeSymbols */; };
		7C4A8D7326404119003E86B1 /* DocumentReferenceExtensions.swift in Sources */ = {isa = PBXBuildFile; fileRef = 7C4A8D7226404119003E86B1 /* DocumentReferenceExtensions.swift */; };
		7C4A8D7526404AFB003E86B1 /* FirestoreShopRepository.swift in Sources */ = {isa = PBXBuildFile; fileRef = 7C4A8D7426404AFB003E86B1 /* FirestoreShopRepository.swift */; };
		7C4A8D77264050F6003E86B1 /* FirestoreCommodityPriceRepository.swift in Sources */ = {isa = PBXBuildFile; fileRef = 7C4A8D76264050F6003E86B1 /* FirestoreCommodityPriceRepository.swift */; };
		7C545667263F9DC10089B4CE /* AuthRepository.swift in Sources */ = {isa = PBXBuildFile; fileRef = 7C545666263F9DC10089B4CE /* AuthRepository.swift */; };
		7C545669263FAA8F0089B4CE /* SplashView.swift in Sources */ = {isa = PBXBuildFile; fileRef = 7C545668263FAA8F0089B4CE /* SplashView.swift */; };
		7C54566B263FAB600089B4CE /* SplashViewModel.swift in Sources */ = {isa = PBXBuildFile; fileRef = 7C54566A263FAB600089B4CE /* SplashViewModel.swift */; };
		7C545674263FD80F0089B4CE /* MockShopRepository.swift in Sources */ = {isa = PBXBuildFile; fileRef = 7C545673263FD80F0089B4CE /* MockShopRepository.swift */; };
		7C545677263FD84B0089B4CE /* MockCommodityRepository.swift in Sources */ = {isa = PBXBuildFile; fileRef = 7C545676263FD84B0089B4CE /* MockCommodityRepository.swift */; };
		7C54567A263FD9440089B4CE /* MockCommodityPriceRepository.swift in Sources */ = {isa = PBXBuildFile; fileRef = 7C545679263FD9440089B4CE /* MockCommodityPriceRepository.swift */; };
		7C54567D263FD9760089B4CE /* MockAuthRepository.swift in Sources */ = {isa = PBXBuildFile; fileRef = 7C54567C263FD9760089B4CE /* MockAuthRepository.swift */; };
		7C54567F263FD9810089B4CE /* FirebaseAuthRepository.swift in Sources */ = {isa = PBXBuildFile; fileRef = 7C54567E263FD9810089B4CE /* FirebaseAuthRepository.swift */; };
		7C545681263FDC8D0089B4CE /* FirestoreCommodityRepository.swift in Sources */ = {isa = PBXBuildFile; fileRef = 7C545680263FDC8D0089B4CE /* FirestoreCommodityRepository.swift */; };
		7C545685263FDFD10089B4CE /* FirestoreExtensions.swift in Sources */ = {isa = PBXBuildFile; fileRef = 7C545684263FDFD10089B4CE /* FirestoreExtensions.swift */; };
		7C545687263FE2690089B4CE /* FirestoreCollections.swift in Sources */ = {isa = PBXBuildFile; fileRef = 7C545686263FE2690089B4CE /* FirestoreCollections.swift */; };
		7C5456892640027F0089B4CE /* QueryExtensions.swift in Sources */ = {isa = PBXBuildFile; fileRef = 7C5456882640027F0089B4CE /* QueryExtensions.swift */; };
		7C7801A8263AF82D00E8B571 /* Navigator.swift in Sources */ = {isa = PBXBuildFile; fileRef = 7C7801A7263AF82D00E8B571 /* Navigator.swift */; };
		7C7801AA263B182700E8B571 /* Header.swift in Sources */ = {isa = PBXBuildFile; fileRef = 7C7801A9263B182700E8B571 /* Header.swift */; };
		7CA6701A263C63D4007FCF10 /* Environment.swift in Sources */ = {isa = PBXBuildFile; fileRef = 7CA67019263C63D4007FCF10 /* Environment.swift */; };
		7CF965DF263DB99F00775320 /* FirebaseFirestore in Frameworks */ = {isa = PBXBuildFile; productRef = 7CF965DE263DB99F00775320 /* FirebaseFirestore */; };
		7CF965E1263DB99F00775320 /* FirebaseAppDistribution-Beta in Frameworks */ = {isa = PBXBuildFile; productRef = 7CF965E0263DB99F00775320 /* FirebaseAppDistribution-Beta */; };
		7CF965E3263DB99F00775320 /* FirebaseFirestoreSwift-Beta in Frameworks */ = {isa = PBXBuildFile; productRef = 7CF965E2263DB99F00775320 /* FirebaseFirestoreSwift-Beta */; };
		7CF965E7263DB99F00775320 /* FirebaseAnalytics in Frameworks */ = {isa = PBXBuildFile; productRef = 7CF965E6263DB99F00775320 /* FirebaseAnalytics */; };
		7CF965E9263DB99F00775320 /* FirebaseCrashlytics in Frameworks */ = {isa = PBXBuildFile; productRef = 7CF965E8263DB99F00775320 /* FirebaseCrashlytics */; };
		7CF965EB263DB99F00775320 /* FirebaseAuth in Frameworks */ = {isa = PBXBuildFile; productRef = 7CF965EA263DB99F00775320 /* FirebaseAuth */; };
		7CF965F6263EC09900775320 /* Localizable.strings in Resources */ = {isa = PBXBuildFile; fileRef = 7CF965F4263EC09900775320 /* Localizable.strings */; };
		7CF965FD263EEBEA00775320 /* R.generated.swift in Sources */ = {isa = PBXBuildFile; fileRef = 7CF965FC263EEBEA00775320 /* R.generated.swift */; };
		7CF96601263EECEB00775320 /* Rswift in Frameworks */ = {isa = PBXBuildFile; productRef = 7CF96600263EECEB00775320 /* Rswift */; };
		7CF96603263EF0F600775320 /* RswiftResourceExtensions.swift in Sources */ = {isa = PBXBuildFile; fileRef = 7CF96602263EF0F600775320 /* RswiftResourceExtensions.swift */; };
/* End PBXBuildFile section */

/* Begin PBXContainerItemProxy section */
		2A9363FC25C56D4A00BD4FEA /* PBXContainerItemProxy */ = {
			isa = PBXContainerItemProxy;
			containerPortal = 2A9363E225C56D4A00BD4FEA /* Project object */;
			proxyType = 1;
			remoteGlobalIDString = 2A9363E925C56D4A00BD4FEA;
			remoteInfo = ComparePrices;
		};
		2A93640725C56D4A00BD4FEA /* PBXContainerItemProxy */ = {
			isa = PBXContainerItemProxy;
			containerPortal = 2A9363E225C56D4A00BD4FEA /* Project object */;
			proxyType = 1;
			remoteGlobalIDString = 2A9363E925C56D4A00BD4FEA;
			remoteInfo = ComparePrices;
		};
/* End PBXContainerItemProxy section */

/* Begin PBXFileReference section */
		2A29C2D726078D1D00953618 /* SelectShopSheetView.swift */ = {isa = PBXFileReference; lastKnownFileType = sourcecode.swift; path = SelectShopSheetView.swift; sourceTree = "<group>"; };
		2A29C2DF2607907B00953618 /* SelectShopSheetViewModel.swift */ = {isa = PBXFileReference; lastKnownFileType = sourcecode.swift; path = SelectShopSheetViewModel.swift; sourceTree = "<group>"; };
		2A29C2E4260791A800953618 /* ShopListRow.swift */ = {isa = PBXFileReference; lastKnownFileType = sourcecode.swift; path = ShopListRow.swift; sourceTree = "<group>"; };
		2A4BD9F3262C684200BEC349 /* ModuleInjector.swift */ = {isa = PBXFileReference; lastKnownFileType = sourcecode.swift; path = ModuleInjector.swift; sourceTree = "<group>"; };
		2A64664325F3530700CE770E /* ContentViewModel.swift */ = {isa = PBXFileReference; lastKnownFileType = sourcecode.swift; path = ContentViewModel.swift; sourceTree = "<group>"; };
		2A64664E25F4894B00CE770E /* Commodity.swift */ = {isa = PBXFileReference; lastKnownFileType = sourcecode.swift; path = Commodity.swift; sourceTree = "<group>"; };
		2A64665325F48A5A00CE770E /* Shop.swift */ = {isa = PBXFileReference; lastKnownFileType = sourcecode.swift; path = Shop.swift; sourceTree = "<group>"; };
		2A64665825F48F9700CE770E /* ShopRepository.swift */ = {isa = PBXFileReference; lastKnownFileType = sourcecode.swift; path = ShopRepository.swift; sourceTree = "<group>"; };
		2A64666325F49CE000CE770E /* CommodityPrice.swift */ = {isa = PBXFileReference; lastKnownFileType = sourcecode.swift; path = CommodityPrice.swift; sourceTree = "<group>"; };
		2A64666825F4A34C00CE770E /* CommodityPriceRepository.swift */ = {isa = PBXFileReference; lastKnownFileType = sourcecode.swift; path = CommodityPriceRepository.swift; sourceTree = "<group>"; };
		2A9363EA25C56D4A00BD4FEA /* ComparePricesDevDebug.app */ = {isa = PBXFileReference; explicitFileType = wrapper.application; includeInIndex = 0; path = ComparePricesDevDebug.app; sourceTree = BUILT_PRODUCTS_DIR; };
		2A9363ED25C56D4A00BD4FEA /* ComparePricesApp.swift */ = {isa = PBXFileReference; lastKnownFileType = sourcecode.swift; path = ComparePricesApp.swift; sourceTree = "<group>"; };
		2A9363EF25C56D4A00BD4FEA /* ContentView.swift */ = {isa = PBXFileReference; lastKnownFileType = sourcecode.swift; path = ContentView.swift; sourceTree = "<group>"; };
		2A9363F125C56D4A00BD4FEA /* Assets.xcassets */ = {isa = PBXFileReference; lastKnownFileType = folder.assetcatalog; path = Assets.xcassets; sourceTree = "<group>"; };
		2A9363F425C56D4A00BD4FEA /* Preview Assets.xcassets */ = {isa = PBXFileReference; lastKnownFileType = folder.assetcatalog; path = "Preview Assets.xcassets"; sourceTree = "<group>"; };
		2A9363F625C56D4A00BD4FEA /* Info.plist */ = {isa = PBXFileReference; lastKnownFileType = text.plist.xml; path = Info.plist; sourceTree = "<group>"; };
		2A9363FB25C56D4A00BD4FEA /* ComparePricesTests.xctest */ = {isa = PBXFileReference; explicitFileType = wrapper.cfbundle; includeInIndex = 0; path = ComparePricesTests.xctest; sourceTree = BUILT_PRODUCTS_DIR; };
		2A9363FF25C56D4A00BD4FEA /* ComparePricesTests.swift */ = {isa = PBXFileReference; lastKnownFileType = sourcecode.swift; path = ComparePricesTests.swift; sourceTree = "<group>"; };
		2A93640125C56D4A00BD4FEA /* Info.plist */ = {isa = PBXFileReference; lastKnownFileType = text.plist.xml; path = Info.plist; sourceTree = "<group>"; };
		2A93640625C56D4A00BD4FEA /* ComparePricesUITests.xctest */ = {isa = PBXFileReference; explicitFileType = wrapper.cfbundle; includeInIndex = 0; path = ComparePricesUITests.xctest; sourceTree = BUILT_PRODUCTS_DIR; };
		2A93640A25C56D4A00BD4FEA /* ComparePricesUITests.swift */ = {isa = PBXFileReference; lastKnownFileType = sourcecode.swift; path = ComparePricesUITests.swift; sourceTree = "<group>"; };
		2A93640C25C56D4A00BD4FEA /* Info.plist */ = {isa = PBXFileReference; lastKnownFileType = text.plist.xml; path = Info.plist; sourceTree = "<group>"; };
		2A93641B25C56E3700BD4FEA /* README.md */ = {isa = PBXFileReference; lastKnownFileType = net.daringfireball.markdown; path = README.md; sourceTree = "<group>"; };
		2A93642025C5723000BD4FEA /* CommodityListView.swift */ = {isa = PBXFileReference; lastKnownFileType = sourcecode.swift; path = CommodityListView.swift; sourceTree = "<group>"; };
		2A93642B25C5974A00BD4FEA /* CommodityRowView.swift */ = {isa = PBXFileReference; lastKnownFileType = sourcecode.swift; path = CommodityRowView.swift; sourceTree = "<group>"; };
		2A93644725C6A30500BD4FEA /* CommodityListRow.swift */ = {isa = PBXFileReference; lastKnownFileType = sourcecode.swift; path = CommodityListRow.swift; sourceTree = "<group>"; };
		2A93644C25C6BA6500BD4FEA /* CommodityListViewModel.swift */ = {isa = PBXFileReference; lastKnownFileType = sourcecode.swift; path = CommodityListViewModel.swift; sourceTree = "<group>"; };
		2AC3EA4025EB61DF00E81AD5 /* AddCommodityView.swift */ = {isa = PBXFileReference; lastKnownFileType = sourcecode.swift; path = AddCommodityView.swift; sourceTree = "<group>"; };
		2AC3EA4525EB66E900E81AD5 /* AddCommodityViewModel.swift */ = {isa = PBXFileReference; lastKnownFileType = sourcecode.swift; path = AddCommodityViewModel.swift; sourceTree = "<group>"; };
		2AC3EA4B25EB967A00E81AD5 /* IntExtensions.swift */ = {isa = PBXFileReference; lastKnownFileType = sourcecode.swift; path = IntExtensions.swift; sourceTree = "<group>"; };
		2AC3EA5025EBD56900E81AD5 /* SubmitButton.swift */ = {isa = PBXFileReference; lastKnownFileType = sourcecode.swift; path = SubmitButton.swift; sourceTree = "<group>"; };
		2AC3EA5525EBEDF400E81AD5 /* CommodityDetailView.swift */ = {isa = PBXFileReference; lastKnownFileType = sourcecode.swift; path = CommodityDetailView.swift; sourceTree = "<group>"; };
		2AE4A97325D961510022D873 /* NavigationBackButton.swift */ = {isa = PBXFileReference; lastKnownFileType = sourcecode.swift; path = NavigationBackButton.swift; sourceTree = "<group>"; };
		2AF14CED25E3D7F0004E901C /* DIContainer.swift */ = {isa = PBXFileReference; lastKnownFileType = sourcecode.swift; path = DIContainer.swift; sourceTree = "<group>"; };
		2AF14CF225E3DD40004E901C /* Injected.swift */ = {isa = PBXFileReference; lastKnownFileType = sourcecode.swift; path = Injected.swift; sourceTree = "<group>"; };
		2AF14CFB25E3E821004E901C /* CommodityRepository.swift */ = {isa = PBXFileReference; lastKnownFileType = sourcecode.swift; path = CommodityRepository.swift; sourceTree = "<group>"; };
		7C0AAF3E264FE6FD00FC8B24 /* AddPurchaseResultView.swift */ = {isa = PBXFileReference; lastKnownFileType = sourcecode.swift; path = AddPurchaseResultView.swift; sourceTree = "<group>"; };
		7C0AAF40264FE8C700FC8B24 /* AddPurchaseResultViewModel.swift */ = {isa = PBXFileReference; lastKnownFileType = sourcecode.swift; path = AddPurchaseResultViewModel.swift; sourceTree = "<group>"; };
		7C0AAF452650378900FC8B24 /* SelectCommoditySheetView.swift */ = {isa = PBXFileReference; lastKnownFileType = sourcecode.swift; path = SelectCommoditySheetView.swift; sourceTree = "<group>"; };
		7C0AAF47265037F900FC8B24 /* SelectCommoditySheetViewModel.swift */ = {isa = PBXFileReference; lastKnownFileType = sourcecode.swift; path = SelectCommoditySheetViewModel.swift; sourceTree = "<group>"; };
		7C3048CE2634128E00D1FBFE /* CommodityDetailViewModel.swift */ = {isa = PBXFileReference; lastKnownFileType = sourcecode.swift; path = CommodityDetailViewModel.swift; sourceTree = "<group>"; };
		7C3048D3263415CF00D1FBFE /* ShopPriceListRow.swift */ = {isa = PBXFileReference; lastKnownFileType = sourcecode.swift; path = ShopPriceListRow.swift; sourceTree = "<group>"; };
		7C44730E263BEB650001F9EB /* AddCircleButton.swift */ = {isa = PBXFileReference; lastKnownFileType = sourcecode.swift; path = AddCircleButton.swift; sourceTree = "<group>"; };
		7C4A8D7226404119003E86B1 /* DocumentReferenceExtensions.swift */ = {isa = PBXFileReference; lastKnownFileType = sourcecode.swift; path = DocumentReferenceExtensions.swift; sourceTree = "<group>"; };
		7C4A8D7426404AFB003E86B1 /* FirestoreShopRepository.swift */ = {isa = PBXFileReference; lastKnownFileType = sourcecode.swift; path = FirestoreShopRepository.swift; sourceTree = "<group>"; };
		7C4A8D76264050F6003E86B1 /* FirestoreCommodityPriceRepository.swift */ = {isa = PBXFileReference; lastKnownFileType = sourcecode.swift; path = FirestoreCommodityPriceRepository.swift; sourceTree = "<group>"; };
		7C545666263F9DC10089B4CE /* AuthRepository.swift */ = {isa = PBXFileReference; lastKnownFileType = sourcecode.swift; path = AuthRepository.swift; sourceTree = "<group>"; };
		7C545668263FAA8F0089B4CE /* SplashView.swift */ = {isa = PBXFileReference; lastKnownFileType = sourcecode.swift; path = SplashView.swift; sourceTree = "<group>"; };
		7C54566A263FAB600089B4CE /* SplashViewModel.swift */ = {isa = PBXFileReference; lastKnownFileType = sourcecode.swift; path = SplashViewModel.swift; sourceTree = "<group>"; };
		7C545673263FD80F0089B4CE /* MockShopRepository.swift */ = {isa = PBXFileReference; lastKnownFileType = sourcecode.swift; path = MockShopRepository.swift; sourceTree = "<group>"; };
		7C545676263FD84B0089B4CE /* MockCommodityRepository.swift */ = {isa = PBXFileReference; lastKnownFileType = sourcecode.swift; path = MockCommodityRepository.swift; sourceTree = "<group>"; };
		7C545679263FD9440089B4CE /* MockCommodityPriceRepository.swift */ = {isa = PBXFileReference; lastKnownFileType = sourcecode.swift; path = MockCommodityPriceRepository.swift; sourceTree = "<group>"; };
		7C54567C263FD9760089B4CE /* MockAuthRepository.swift */ = {isa = PBXFileReference; lastKnownFileType = sourcecode.swift; path = MockAuthRepository.swift; sourceTree = "<group>"; };
		7C54567E263FD9810089B4CE /* FirebaseAuthRepository.swift */ = {isa = PBXFileReference; lastKnownFileType = sourcecode.swift; path = FirebaseAuthRepository.swift; sourceTree = "<group>"; };
		7C545680263FDC8D0089B4CE /* FirestoreCommodityRepository.swift */ = {isa = PBXFileReference; lastKnownFileType = sourcecode.swift; path = FirestoreCommodityRepository.swift; sourceTree = "<group>"; };
		7C545684263FDFD10089B4CE /* FirestoreExtensions.swift */ = {isa = PBXFileReference; lastKnownFileType = sourcecode.swift; path = FirestoreExtensions.swift; sourceTree = "<group>"; };
		7C545686263FE2690089B4CE /* FirestoreCollections.swift */ = {isa = PBXFileReference; lastKnownFileType = sourcecode.swift; path = FirestoreCollections.swift; sourceTree = "<group>"; };
		7C5456882640027F0089B4CE /* QueryExtensions.swift */ = {isa = PBXFileReference; lastKnownFileType = sourcecode.swift; path = QueryExtensions.swift; sourceTree = "<group>"; };
		7C7801A7263AF82D00E8B571 /* Navigator.swift */ = {isa = PBXFileReference; lastKnownFileType = sourcecode.swift; path = Navigator.swift; sourceTree = "<group>"; };
		7C7801A9263B182700E8B571 /* Header.swift */ = {isa = PBXFileReference; lastKnownFileType = sourcecode.swift; path = Header.swift; sourceTree = "<group>"; };
		7CA67019263C63D4007FCF10 /* Environment.swift */ = {isa = PBXFileReference; lastKnownFileType = sourcecode.swift; path = Environment.swift; sourceTree = "<group>"; };
		7CC79C8F263C6AF4008536A0 /* GoogleService-Develop-Info.plist */ = {isa = PBXFileReference; fileEncoding = 4; lastKnownFileType = text.plist.xml; path = "GoogleService-Develop-Info.plist"; sourceTree = "<group>"; };
		7CC79C91263C6AFE008536A0 /* GoogleService-Production-Info.plist */ = {isa = PBXFileReference; fileEncoding = 4; lastKnownFileType = text.plist.xml; path = "GoogleService-Production-Info.plist"; sourceTree = "<group>"; };
		7CF965F5263EC09900775320 /* Base */ = {isa = PBXFileReference; lastKnownFileType = text.plist.strings; name = Base; path = Base.lproj/Localizable.strings; sourceTree = "<group>"; };
		7CF965F7263EC09D00775320 /* en */ = {isa = PBXFileReference; lastKnownFileType = text.plist.strings; name = en; path = en.lproj/Localizable.strings; sourceTree = "<group>"; };
		7CF965F8263EC09E00775320 /* ja */ = {isa = PBXFileReference; lastKnownFileType = text.plist.strings; name = ja; path = ja.lproj/Localizable.strings; sourceTree = "<group>"; };
		7CF965FC263EEBEA00775320 /* R.generated.swift */ = {isa = PBXFileReference; fileEncoding = 4; lastKnownFileType = sourcecode.swift; path = R.generated.swift; sourceTree = "<group>"; };
		7CF96602263EF0F600775320 /* RswiftResourceExtensions.swift */ = {isa = PBXFileReference; lastKnownFileType = sourcecode.swift; path = RswiftResourceExtensions.swift; sourceTree = "<group>"; };
/* End PBXFileReference section */

/* Begin PBXFrameworksBuildPhase section */
		2A9363E725C56D4A00BD4FEA /* Frameworks */ = {
			isa = PBXFrameworksBuildPhase;
			buildActionMask = 2147483647;
			files = (
				7CF965E3263DB99F00775320 /* FirebaseFirestoreSwift-Beta in Frameworks */,
				7CF965DF263DB99F00775320 /* FirebaseFirestore in Frameworks */,
				7C497346263F04BB0051091B /* SFSafeSymbols in Frameworks */,
				7CF965E9263DB99F00775320 /* FirebaseCrashlytics in Frameworks */,
				7CF965E7263DB99F00775320 /* FirebaseAnalytics in Frameworks */,
				7CF96601263EECEB00775320 /* Rswift in Frameworks */,
				7CF965EB263DB99F00775320 /* FirebaseAuth in Frameworks */,
				7CF965E1263DB99F00775320 /* FirebaseAppDistribution-Beta in Frameworks */,
			);
			runOnlyForDeploymentPostprocessing = 0;
		};
		2A9363F825C56D4A00BD4FEA /* Frameworks */ = {
			isa = PBXFrameworksBuildPhase;
			buildActionMask = 2147483647;
			files = (
			);
			runOnlyForDeploymentPostprocessing = 0;
		};
		2A93640325C56D4A00BD4FEA /* Frameworks */ = {
			isa = PBXFrameworksBuildPhase;
			buildActionMask = 2147483647;
			files = (
			);
			runOnlyForDeploymentPostprocessing = 0;
		};
/* End PBXFrameworksBuildPhase section */

/* Begin PBXGroup section */
		2A9363E125C56D4A00BD4FEA = {
			isa = PBXGroup;
			children = (
				2A93641B25C56E3700BD4FEA /* README.md */,
				2A9363EC25C56D4A00BD4FEA /* ComparePrices */,
				2A9363FE25C56D4A00BD4FEA /* ComparePricesTests */,
				2A93640925C56D4A00BD4FEA /* ComparePricesUITests */,
				2A9363EB25C56D4A00BD4FEA /* Products */,
			);
			sourceTree = "<group>";
		};
		2A9363EB25C56D4A00BD4FEA /* Products */ = {
			isa = PBXGroup;
			children = (
				2A9363EA25C56D4A00BD4FEA /* ComparePricesDevDebug.app */,
				2A9363FB25C56D4A00BD4FEA /* ComparePricesTests.xctest */,
				2A93640625C56D4A00BD4FEA /* ComparePricesUITests.xctest */,
			);
			name = Products;
			sourceTree = "<group>";
		};
		2A9363EC25C56D4A00BD4FEA /* ComparePrices */ = {
			isa = PBXGroup;
			children = (
				7CF965EC263EBA0C00775320 /* Resources */,
				7CA67018263C63BE007FCF10 /* Config */,
				2AC3EA4A25EB966000E81AD5 /* Util */,
				2AF14CFA25E3E806004E901C /* Repository */,
				2AF14CEC25E3D7C4004E901C /* DI */,
				2A93643525C598F300BD4FEA /* Model */,
				2A93641C25C56FD700BD4FEA /* UI */,
				2A9363F625C56D4A00BD4FEA /* Info.plist */,
				2A9363F325C56D4A00BD4FEA /* Preview Content */,
			);
			path = ComparePrices;
			sourceTree = "<group>";
		};
		2A9363F325C56D4A00BD4FEA /* Preview Content */ = {
			isa = PBXGroup;
			children = (
				2A9363F425C56D4A00BD4FEA /* Preview Assets.xcassets */,
			);
			path = "Preview Content";
			sourceTree = "<group>";
		};
		2A9363FE25C56D4A00BD4FEA /* ComparePricesTests */ = {
			isa = PBXGroup;
			children = (
				2A9363FF25C56D4A00BD4FEA /* ComparePricesTests.swift */,
				2A93640125C56D4A00BD4FEA /* Info.plist */,
			);
			path = ComparePricesTests;
			sourceTree = "<group>";
		};
		2A93640925C56D4A00BD4FEA /* ComparePricesUITests */ = {
			isa = PBXGroup;
			children = (
				2A93640A25C56D4A00BD4FEA /* ComparePricesUITests.swift */,
				2A93640C25C56D4A00BD4FEA /* Info.plist */,
			);
			path = ComparePricesUITests;
			sourceTree = "<group>";
		};
		2A93641C25C56FD700BD4FEA /* UI */ = {
			isa = PBXGroup;
			children = (
				7C0AAF442650375F00FC8B24 /* SelectCommodity */,
				7C0AAF3D264FE67800FC8B24 /* AddPurchaseResult */,
				2AE4A97225D961230022D873 /* Common */,
				7C7801A6263AF7DD00E8B571 /* Navigation */,
				7C545671263FD1F30089B4CE /* Splash */,
				7C54566F263FD1CA0089B4CE /* SelectShop */,
				7C54566E263FD1A50089B4CE /* CommodityDetail */,
				7C54566D263FD18B0089B4CE /* AddCommodity */,
				7C54566C263FD15B0089B4CE /* CommodityList */,
				2A9363ED25C56D4A00BD4FEA /* ComparePricesApp.swift */,
				2A9363EF25C56D4A00BD4FEA /* ContentView.swift */,
				2A64664325F3530700CE770E /* ContentViewModel.swift */,
			);
			path = UI;
			sourceTree = "<group>";
		};
		2A93643525C598F300BD4FEA /* Model */ = {
			isa = PBXGroup;
			children = (
				2A93644725C6A30500BD4FEA /* CommodityListRow.swift */,
				2A64664E25F4894B00CE770E /* Commodity.swift */,
				2A64665325F48A5A00CE770E /* Shop.swift */,
				2A64666325F49CE000CE770E /* CommodityPrice.swift */,
				2A29C2E4260791A800953618 /* ShopListRow.swift */,
				7C3048D3263415CF00D1FBFE /* ShopPriceListRow.swift */,
			);
			path = Model;
			sourceTree = "<group>";
		};
		2AC3EA4A25EB966000E81AD5 /* Util */ = {
			isa = PBXGroup;
			children = (
				2AC3EA4B25EB967A00E81AD5 /* IntExtensions.swift */,
				7CF96602263EF0F600775320 /* RswiftResourceExtensions.swift */,
			);
			path = Util;
			sourceTree = "<group>";
		};
		2AE4A97225D961230022D873 /* Common */ = {
			isa = PBXGroup;
			children = (
				2AE4A97325D961510022D873 /* NavigationBackButton.swift */,
				2AC3EA5025EBD56900E81AD5 /* SubmitButton.swift */,
				7C7801A9263B182700E8B571 /* Header.swift */,
				7C44730E263BEB650001F9EB /* AddCircleButton.swift */,
			);
			path = Common;
			sourceTree = "<group>";
		};
		2AF14CEC25E3D7C4004E901C /* DI */ = {
			isa = PBXGroup;
			children = (
				2AF14CED25E3D7F0004E901C /* DIContainer.swift */,
				2AF14CF225E3DD40004E901C /* Injected.swift */,
				2A4BD9F3262C684200BEC349 /* ModuleInjector.swift */,
			);
			path = DI;
			sourceTree = "<group>";
		};
		2AF14CFA25E3E806004E901C /* Repository */ = {
			isa = PBXGroup;
			children = (
				7C545682263FDFB40089B4CE /* Base */,
				7C54567B263FD9610089B4CE /* Auth */,
				7C545678263FD8F80089B4CE /* CommodityPrice */,
				7C545675263FD82E0089B4CE /* Commodity */,
				7C545672263FD7E10089B4CE /* Shop */,
			);
			path = Repository;
			sourceTree = "<group>";
		};
		7C0AAF3D264FE67800FC8B24 /* AddPurchaseResult */ = {
			isa = PBXGroup;
			children = (
				7C0AAF3E264FE6FD00FC8B24 /* AddPurchaseResultView.swift */,
				7C0AAF40264FE8C700FC8B24 /* AddPurchaseResultViewModel.swift */,
			);
			path = AddPurchaseResult;
			sourceTree = "<group>";
		};
		7C0AAF442650375F00FC8B24 /* SelectCommodity */ = {
			isa = PBXGroup;
			children = (
				7C0AAF452650378900FC8B24 /* SelectCommoditySheetView.swift */,
				7C0AAF47265037F900FC8B24 /* SelectCommoditySheetViewModel.swift */,
			);
			path = SelectCommodity;
			sourceTree = "<group>";
		};
		7C54566C263FD15B0089B4CE /* CommodityList */ = {
			isa = PBXGroup;
			children = (
				2A93642025C5723000BD4FEA /* CommodityListView.swift */,
				2A93642B25C5974A00BD4FEA /* CommodityRowView.swift */,
				2A93644C25C6BA6500BD4FEA /* CommodityListViewModel.swift */,
			);
			path = CommodityList;
			sourceTree = "<group>";
		};
		7C54566D263FD18B0089B4CE /* AddCommodity */ = {
			isa = PBXGroup;
			children = (
				2AC3EA4525EB66E900E81AD5 /* AddCommodityViewModel.swift */,
				2AC3EA4025EB61DF00E81AD5 /* AddCommodityView.swift */,
			);
			path = AddCommodity;
			sourceTree = "<group>";
		};
		7C54566E263FD1A50089B4CE /* CommodityDetail */ = {
			isa = PBXGroup;
			children = (
				2AC3EA5525EBEDF400E81AD5 /* CommodityDetailView.swift */,
				7C3048CE2634128E00D1FBFE /* CommodityDetailViewModel.swift */,
			);
			path = CommodityDetail;
			sourceTree = "<group>";
		};
		7C54566F263FD1CA0089B4CE /* SelectShop */ = {
			isa = PBXGroup;
			children = (
				2A29C2D726078D1D00953618 /* SelectShopSheetView.swift */,
				2A29C2DF2607907B00953618 /* SelectShopSheetViewModel.swift */,
			);
			path = SelectShop;
			sourceTree = "<group>";
		};
		7C545671263FD1F30089B4CE /* Splash */ = {
			isa = PBXGroup;
			children = (
				7C545668263FAA8F0089B4CE /* SplashView.swift */,
				7C54566A263FAB600089B4CE /* SplashViewModel.swift */,
			);
			path = Splash;
			sourceTree = "<group>";
		};
		7C545672263FD7E10089B4CE /* Shop */ = {
			isa = PBXGroup;
			children = (
				2A64665825F48F9700CE770E /* ShopRepository.swift */,
				7C545673263FD80F0089B4CE /* MockShopRepository.swift */,
				7C4A8D7426404AFB003E86B1 /* FirestoreShopRepository.swift */,
			);
			path = Shop;
			sourceTree = "<group>";
		};
		7C545675263FD82E0089B4CE /* Commodity */ = {
			isa = PBXGroup;
			children = (
				2AF14CFB25E3E821004E901C /* CommodityRepository.swift */,
				7C545676263FD84B0089B4CE /* MockCommodityRepository.swift */,
				7C545680263FDC8D0089B4CE /* FirestoreCommodityRepository.swift */,
			);
			path = Commodity;
			sourceTree = "<group>";
		};
		7C545678263FD8F80089B4CE /* CommodityPrice */ = {
			isa = PBXGroup;
			children = (
				2A64666825F4A34C00CE770E /* CommodityPriceRepository.swift */,
				7C545679263FD9440089B4CE /* MockCommodityPriceRepository.swift */,
				7C4A8D76264050F6003E86B1 /* FirestoreCommodityPriceRepository.swift */,
			);
			path = CommodityPrice;
			sourceTree = "<group>";
		};
		7C54567B263FD9610089B4CE /* Auth */ = {
			isa = PBXGroup;
			children = (
				7C545666263F9DC10089B4CE /* AuthRepository.swift */,
				7C54567C263FD9760089B4CE /* MockAuthRepository.swift */,
				7C54567E263FD9810089B4CE /* FirebaseAuthRepository.swift */,
			);
			path = Auth;
			sourceTree = "<group>";
		};
		7C545682263FDFB40089B4CE /* Base */ = {
			isa = PBXGroup;
			children = (
				7C545683263FDFBC0089B4CE /* Firestore */,
			);
			path = Base;
			sourceTree = "<group>";
		};
		7C545683263FDFBC0089B4CE /* Firestore */ = {
			isa = PBXGroup;
			children = (
				7C545684263FDFD10089B4CE /* FirestoreExtensions.swift */,
				7C545686263FE2690089B4CE /* FirestoreCollections.swift */,
				7C5456882640027F0089B4CE /* QueryExtensions.swift */,
				7C4A8D7226404119003E86B1 /* DocumentReferenceExtensions.swift */,
			);
			path = Firestore;
			sourceTree = "<group>";
		};
		7C7801A6263AF7DD00E8B571 /* Navigation */ = {
			isa = PBXGroup;
			children = (
				7C7801A7263AF82D00E8B571 /* Navigator.swift */,
			);
			path = Navigation;
			sourceTree = "<group>";
		};
		7CA67018263C63BE007FCF10 /* Config */ = {
			isa = PBXGroup;
			children = (
				7CC79C8E263C6999008536A0 /* Production */,
				7CC79C8D263C698B008536A0 /* Develop */,
				7CA67019263C63D4007FCF10 /* Environment.swift */,
			);
			path = Config;
			sourceTree = "<group>";
		};
		7CC79C8D263C698B008536A0 /* Develop */ = {
			isa = PBXGroup;
			children = (
				7CC79C8F263C6AF4008536A0 /* GoogleService-Develop-Info.plist */,
			);
			path = Develop;
			sourceTree = "<group>";
		};
		7CC79C8E263C6999008536A0 /* Production */ = {
			isa = PBXGroup;
			children = (
				7CC79C91263C6AFE008536A0 /* GoogleService-Production-Info.plist */,
			);
			path = Production;
			sourceTree = "<group>";
		};
		7CF965EC263EBA0C00775320 /* Resources */ = {
			isa = PBXGroup;
			children = (
				7CF965FC263EEBEA00775320 /* R.generated.swift */,
				2A9363F125C56D4A00BD4FEA /* Assets.xcassets */,
				7CF965F4263EC09900775320 /* Localizable.strings */,
			);
			path = Resources;
			sourceTree = "<group>";
		};
/* End PBXGroup section */

/* Begin PBXNativeTarget section */
		2A9363E925C56D4A00BD4FEA /* ComparePrices */ = {
			isa = PBXNativeTarget;
			buildConfigurationList = 2A93640F25C56D4A00BD4FEA /* Build configuration list for PBXNativeTarget "ComparePrices" */;
			buildPhases = (
				7CF965D7263D82BE00775320 /* SwiftFormat */,
				7CF965D9263DB3F100775320 /* SwiftLint */,
				7CF965F9263EE6C800775320 /* R.Swift */,
				7CC79C93263C6DDE008536A0 /* GoogleService-Info */,
				2A9363E625C56D4A00BD4FEA /* Sources */,
				2A9363E725C56D4A00BD4FEA /* Frameworks */,
				2A9363E825C56D4A00BD4FEA /* Resources */,
			);
			buildRules = (
			);
			dependencies = (
			);
			name = ComparePrices;
			packageProductDependencies = (
				7CF965DE263DB99F00775320 /* FirebaseFirestore */,
				7CF965E0263DB99F00775320 /* FirebaseAppDistribution-Beta */,
				7CF965E2263DB99F00775320 /* FirebaseFirestoreSwift-Beta */,
				7CF965E6263DB99F00775320 /* FirebaseAnalytics */,
				7CF965E8263DB99F00775320 /* FirebaseCrashlytics */,
				7CF965EA263DB99F00775320 /* FirebaseAuth */,
				7CF96600263EECEB00775320 /* Rswift */,
				7C497345263F04BB0051091B /* SFSafeSymbols */,
			);
			productName = ComparePrices;
			productReference = 2A9363EA25C56D4A00BD4FEA /* ComparePricesDevDebug.app */;
			productType = "com.apple.product-type.application";
		};
		2A9363FA25C56D4A00BD4FEA /* ComparePricesTests */ = {
			isa = PBXNativeTarget;
			buildConfigurationList = 2A93641225C56D4A00BD4FEA /* Build configuration list for PBXNativeTarget "ComparePricesTests" */;
			buildPhases = (
				2A9363F725C56D4A00BD4FEA /* Sources */,
				2A9363F825C56D4A00BD4FEA /* Frameworks */,
				2A9363F925C56D4A00BD4FEA /* Resources */,
			);
			buildRules = (
			);
			dependencies = (
				2A9363FD25C56D4A00BD4FEA /* PBXTargetDependency */,
			);
			name = ComparePricesTests;
			productName = ComparePricesTests;
			productReference = 2A9363FB25C56D4A00BD4FEA /* ComparePricesTests.xctest */;
			productType = "com.apple.product-type.bundle.unit-test";
		};
		2A93640525C56D4A00BD4FEA /* ComparePricesUITests */ = {
			isa = PBXNativeTarget;
			buildConfigurationList = 2A93641525C56D4A00BD4FEA /* Build configuration list for PBXNativeTarget "ComparePricesUITests" */;
			buildPhases = (
				2A93640225C56D4A00BD4FEA /* Sources */,
				2A93640325C56D4A00BD4FEA /* Frameworks */,
				2A93640425C56D4A00BD4FEA /* Resources */,
			);
			buildRules = (
			);
			dependencies = (
				2A93640825C56D4A00BD4FEA /* PBXTargetDependency */,
			);
			name = ComparePricesUITests;
			productName = ComparePricesUITests;
			productReference = 2A93640625C56D4A00BD4FEA /* ComparePricesUITests.xctest */;
			productType = "com.apple.product-type.bundle.ui-testing";
		};
/* End PBXNativeTarget section */

/* Begin PBXProject section */
		2A9363E225C56D4A00BD4FEA /* Project object */ = {
			isa = PBXProject;
			attributes = {
				LastSwiftUpdateCheck = 1240;
				LastUpgradeCheck = 1240;
				TargetAttributes = {
					2A9363E925C56D4A00BD4FEA = {
						CreatedOnToolsVersion = 12.4;
					};
					2A9363FA25C56D4A00BD4FEA = {
						CreatedOnToolsVersion = 12.4;
						TestTargetID = 2A9363E925C56D4A00BD4FEA;
					};
					2A93640525C56D4A00BD4FEA = {
						CreatedOnToolsVersion = 12.4;
						TestTargetID = 2A9363E925C56D4A00BD4FEA;
					};
				};
			};
			buildConfigurationList = 2A9363E525C56D4A00BD4FEA /* Build configuration list for PBXProject "ComparePrices" */;
			compatibilityVersion = "Xcode 9.3";
			developmentRegion = en;
			hasScannedForEncodings = 0;
			knownRegions = (
				en,
				Base,
				ja,
			);
			mainGroup = 2A9363E125C56D4A00BD4FEA;
			packageReferences = (
				7CF965DD263DB99F00775320 /* XCRemoteSwiftPackageReference "firebase-ios-sdk" */,
				7CF965FF263EECEB00775320 /* XCRemoteSwiftPackageReference "R.swift.Library" */,
				7C497344263F04BB0051091B /* XCRemoteSwiftPackageReference "SFSafeSymbols" */,
			);
			productRefGroup = 2A9363EB25C56D4A00BD4FEA /* Products */;
			projectDirPath = "";
			projectRoot = "";
			targets = (
				2A9363E925C56D4A00BD4FEA /* ComparePrices */,
				2A9363FA25C56D4A00BD4FEA /* ComparePricesTests */,
				2A93640525C56D4A00BD4FEA /* ComparePricesUITests */,
			);
		};
/* End PBXProject section */

/* Begin PBXResourcesBuildPhase section */
		2A9363E825C56D4A00BD4FEA /* Resources */ = {
			isa = PBXResourcesBuildPhase;
			buildActionMask = 2147483647;
			files = (
				2A9363F525C56D4A00BD4FEA /* Preview Assets.xcassets in Resources */,
				7CF965F6263EC09900775320 /* Localizable.strings in Resources */,
				2A9363F225C56D4A00BD4FEA /* Assets.xcassets in Resources */,
			);
			runOnlyForDeploymentPostprocessing = 0;
		};
		2A9363F925C56D4A00BD4FEA /* Resources */ = {
			isa = PBXResourcesBuildPhase;
			buildActionMask = 2147483647;
			files = (
			);
			runOnlyForDeploymentPostprocessing = 0;
		};
		2A93640425C56D4A00BD4FEA /* Resources */ = {
			isa = PBXResourcesBuildPhase;
			buildActionMask = 2147483647;
			files = (
			);
			runOnlyForDeploymentPostprocessing = 0;
		};
/* End PBXResourcesBuildPhase section */

/* Begin PBXShellScriptBuildPhase section */
		7CC79C93263C6DDE008536A0 /* GoogleService-Info */ = {
			isa = PBXShellScriptBuildPhase;
			buildActionMask = 2147483647;
			files = (
			);
			inputFileListPaths = (
			);
			inputPaths = (
			);
			name = "GoogleService-Info";
			outputFileListPaths = (
			);
			outputPaths = (
			);
			runOnlyForDeploymentPostprocessing = 0;
			shellPath = /bin/sh;
			shellScript = "# Type a script or drag a script file from your workspace to insert its path.\nif [ \"${CONFIGURATION}\" == \"Production\" ]; then\n  cp \"${PROJECT_DIR}/${PROJECT_NAME}/Config/Production/GoogleService-Production-Info.plist\" \"${BUILT_PRODUCTS_DIR}/${PRODUCT_NAME}.app/GoogleService-Info.plist\"\nelse\n  cp \"${PROJECT_DIR}/${PROJECT_NAME}/Config/Develop/GoogleService-Develop-Info.plist\" \"${BUILT_PRODUCTS_DIR}/${PRODUCT_NAME}.app/GoogleService-Info.plist\"\nfi\n";
		};
		7CF965D7263D82BE00775320 /* SwiftFormat */ = {
			isa = PBXShellScriptBuildPhase;
			buildActionMask = 2147483647;
			files = (
			);
			inputFileListPaths = (
			);
			inputPaths = (
			);
			name = SwiftFormat;
			outputFileListPaths = (
			);
			outputPaths = (
			);
			runOnlyForDeploymentPostprocessing = 0;
			shellPath = /bin/sh;
			shellScript = "#swift package update #Uncomment this line temporarily to update the version used to the latest matching your BuildTools/Package.swift file\nif [ $ENABLE_PREVIEWS == \"NO\" ]\nthen\n  xcrun --sdk macosx swift run -c release --package-path BuildTools swiftformat .\nelse\n  echo \"Skipping the script because of preview mode\"\nfi\n";
		};
		7CF965D9263DB3F100775320 /* SwiftLint */ = {
			isa = PBXShellScriptBuildPhase;
			buildActionMask = 2147483647;
			files = (
			);
			inputFileListPaths = (
			);
			inputPaths = (
			);
			name = SwiftLint;
			outputFileListPaths = (
			);
			outputPaths = (
			);
			runOnlyForDeploymentPostprocessing = 0;
			shellPath = /bin/sh;
			shellScript = "# Type a script or drag a script file from your workspace to insert its path.\nif [ $ENABLE_PREVIEWS == \"NO\" ] \nthen\n  xcrun --sdk macosx swift run --package-path BuildTools swiftlint \nelse\n  echo \"Skipping the script because of preview mode\"\nfi\n";
		};
		7CF965F9263EE6C800775320 /* R.Swift */ = {
			isa = PBXShellScriptBuildPhase;
			buildActionMask = 2147483647;
			files = (
			);
			inputFileListPaths = (
			);
			inputPaths = (
				"$TEMP_DIR/rswift-lastrun",
			);
			name = R.Swift;
			outputFileListPaths = (
			);
			outputPaths = (
				$SRCROOT/$PROJECT_NAME/Resources/R.generated.swift,
			);
			runOnlyForDeploymentPostprocessing = 0;
			shellPath = /bin/sh;
			shellScript = "# Type a script or drag a script file from your workspace to insert its path. \nif [ $ENABLE_PREVIEWS == \"NO\" ] \nthen\n  xcrun --sdk macosx swift run --package-path BuildTools rswift generate \"$SRCROOT/$PROJECT_NAME/Resources/R.generated.swift\"\nelse\n  echo \"Skipping the script because of preview mode\"\nfi\n";
		};
/* End PBXShellScriptBuildPhase section */

/* Begin PBXSourcesBuildPhase section */
		2A9363E625C56D4A00BD4FEA /* Sources */ = {
			isa = PBXSourcesBuildPhase;
			buildActionMask = 2147483647;
			files = (
				2A93644825C6A30500BD4FEA /* CommodityListRow.swift in Sources */,
				7C54566B263FAB600089B4CE /* SplashViewModel.swift in Sources */,
				7C3048D4263415CF00D1FBFE /* ShopPriceListRow.swift in Sources */,
				7C7801AA263B182700E8B571 /* Header.swift in Sources */,
				7C0AAF41264FE8C700FC8B24 /* AddPurchaseResultViewModel.swift in Sources */,
				7C545674263FD80F0089B4CE /* MockShopRepository.swift in Sources */,
				2A9363F025C56D4A00BD4FEA /* ContentView.swift in Sources */,
				2AF14CF325E3DD40004E901C /* Injected.swift in Sources */,
				2A64665425F48A5A00CE770E /* Shop.swift in Sources */,
				2A29C2E02607907B00953618 /* SelectShopSheetViewModel.swift in Sources */,
				7CA6701A263C63D4007FCF10 /* Environment.swift in Sources */,
				7C44730F263BEB650001F9EB /* AddCircleButton.swift in Sources */,
				2A93644D25C6BA6500BD4FEA /* CommodityListViewModel.swift in Sources */,
				2A93642C25C5974A00BD4FEA /* CommodityRowView.swift in Sources */,
				2AF14CEE25E3D7F0004E901C /* DIContainer.swift in Sources */,
				7C4A8D7326404119003E86B1 /* DocumentReferenceExtensions.swift in Sources */,
				2AC3EA4125EB61DF00E81AD5 /* AddCommodityView.swift in Sources */,
				7C0AAF462650378900FC8B24 /* SelectCommoditySheetView.swift in Sources */,
				7C545687263FE2690089B4CE /* FirestoreCollections.swift in Sources */,
				2AC3EA4C25EB967A00E81AD5 /* IntExtensions.swift in Sources */,
				2A29C2E5260791A800953618 /* ShopListRow.swift in Sources */,
				2A4BD9F4262C684200BEC349 /* ModuleInjector.swift in Sources */,
				2A64664425F3530700CE770E /* ContentViewModel.swift in Sources */,
				7C54567D263FD9760089B4CE /* MockAuthRepository.swift in Sources */,
				7C0AAF48265037F900FC8B24 /* SelectCommoditySheetViewModel.swift in Sources */,
				7C54567F263FD9810089B4CE /* FirebaseAuthRepository.swift in Sources */,
				2AE4A97425D961510022D873 /* NavigationBackButton.swift in Sources */,
				2AC3EA4625EB66E900E81AD5 /* AddCommodityViewModel.swift in Sources */,
				2A29C2D826078D1D00953618 /* SelectShopSheetView.swift in Sources */,
				7C545669263FAA8F0089B4CE /* SplashView.swift in Sources */,
				2AC3EA5625EBEDF400E81AD5 /* CommodityDetailView.swift in Sources */,
				7C54567A263FD9440089B4CE /* MockCommodityPriceRepository.swift in Sources */,
				7C545685263FDFD10089B4CE /* FirestoreExtensions.swift in Sources */,
				2A64666425F49CE000CE770E /* CommodityPrice.swift in Sources */,
				2A93642125C5723000BD4FEA /* CommodityListView.swift in Sources */,
				7CF96603263EF0F600775320 /* RswiftResourceExtensions.swift in Sources */,
				7C4A8D7526404AFB003E86B1 /* FirestoreShopRepository.swift in Sources */,
				7CF965FD263EEBEA00775320 /* R.generated.swift in Sources */,
				2AC3EA5125EBD56900E81AD5 /* SubmitButton.swift in Sources */,
				2A64666925F4A34C00CE770E /* CommodityPriceRepository.swift in Sources */,
				7C0AAF3F264FE6FD00FC8B24 /* AddPurchaseResultView.swift in Sources */,
				7C4A8D77264050F6003E86B1 /* FirestoreCommodityPriceRepository.swift in Sources */,
				2A64664F25F4894B00CE770E /* Commodity.swift in Sources */,
				2A9363EE25C56D4A00BD4FEA /* ComparePricesApp.swift in Sources */,
				7C3048CF2634128E00D1FBFE /* CommodityDetailViewModel.swift in Sources */,
				7C7801A8263AF82D00E8B571 /* Navigator.swift in Sources */,
				7C545667263F9DC10089B4CE /* AuthRepository.swift in Sources */,
				2AF14CFC25E3E821004E901C /* CommodityRepository.swift in Sources */,
				7C5456892640027F0089B4CE /* QueryExtensions.swift in Sources */,
				7C545681263FDC8D0089B4CE /* FirestoreCommodityRepository.swift in Sources */,
				2A64665925F48F9700CE770E /* ShopRepository.swift in Sources */,
				7C545677263FD84B0089B4CE /* MockCommodityRepository.swift in Sources */,
			);
			runOnlyForDeploymentPostprocessing = 0;
		};
		2A9363F725C56D4A00BD4FEA /* Sources */ = {
			isa = PBXSourcesBuildPhase;
			buildActionMask = 2147483647;
			files = (
				2A93640025C56D4A00BD4FEA /* ComparePricesTests.swift in Sources */,
			);
			runOnlyForDeploymentPostprocessing = 0;
		};
		2A93640225C56D4A00BD4FEA /* Sources */ = {
			isa = PBXSourcesBuildPhase;
			buildActionMask = 2147483647;
			files = (
				2A93640B25C56D4A00BD4FEA /* ComparePricesUITests.swift in Sources */,
			);
			runOnlyForDeploymentPostprocessing = 0;
		};
/* End PBXSourcesBuildPhase section */

/* Begin PBXTargetDependency section */
		2A9363FD25C56D4A00BD4FEA /* PBXTargetDependency */ = {
			isa = PBXTargetDependency;
			target = 2A9363E925C56D4A00BD4FEA /* ComparePrices */;
			targetProxy = 2A9363FC25C56D4A00BD4FEA /* PBXContainerItemProxy */;
		};
		2A93640825C56D4A00BD4FEA /* PBXTargetDependency */ = {
			isa = PBXTargetDependency;
			target = 2A9363E925C56D4A00BD4FEA /* ComparePrices */;
			targetProxy = 2A93640725C56D4A00BD4FEA /* PBXContainerItemProxy */;
		};
/* End PBXTargetDependency section */

/* Begin PBXVariantGroup section */
		7CF965F4263EC09900775320 /* Localizable.strings */ = {
			isa = PBXVariantGroup;
			children = (
				7CF965F5263EC09900775320 /* Base */,
				7CF965F7263EC09D00775320 /* en */,
				7CF965F8263EC09E00775320 /* ja */,
			);
			name = Localizable.strings;
			sourceTree = "<group>";
		};
/* End PBXVariantGroup section */

/* Begin XCBuildConfiguration section */
		2A93640E25C56D4A00BD4FEA /* Develop_Release */ = {
			isa = XCBuildConfiguration;
			buildSettings = {
				ALWAYS_SEARCH_USER_PATHS = NO;
				CLANG_ANALYZER_NONNULL = YES;
				CLANG_ANALYZER_NUMBER_OBJECT_CONVERSION = YES_AGGRESSIVE;
				CLANG_CXX_LANGUAGE_STANDARD = "gnu++14";
				CLANG_CXX_LIBRARY = "libc++";
				CLANG_ENABLE_MODULES = YES;
				CLANG_ENABLE_OBJC_ARC = YES;
				CLANG_ENABLE_OBJC_WEAK = YES;
				CLANG_WARN_BLOCK_CAPTURE_AUTORELEASING = YES;
				CLANG_WARN_BOOL_CONVERSION = YES;
				CLANG_WARN_COMMA = YES;
				CLANG_WARN_CONSTANT_CONVERSION = YES;
				CLANG_WARN_DEPRECATED_OBJC_IMPLEMENTATIONS = YES;
				CLANG_WARN_DIRECT_OBJC_ISA_USAGE = YES_ERROR;
				CLANG_WARN_DOCUMENTATION_COMMENTS = YES;
				CLANG_WARN_EMPTY_BODY = YES;
				CLANG_WARN_ENUM_CONVERSION = YES;
				CLANG_WARN_INFINITE_RECURSION = YES;
				CLANG_WARN_INT_CONVERSION = YES;
				CLANG_WARN_NON_LITERAL_NULL_CONVERSION = YES;
				CLANG_WARN_OBJC_IMPLICIT_RETAIN_SELF = YES;
				CLANG_WARN_OBJC_LITERAL_CONVERSION = YES;
				CLANG_WARN_OBJC_ROOT_CLASS = YES_ERROR;
				CLANG_WARN_QUOTED_INCLUDE_IN_FRAMEWORK_HEADER = YES;
				CLANG_WARN_RANGE_LOOP_ANALYSIS = YES;
				CLANG_WARN_STRICT_PROTOTYPES = YES;
				CLANG_WARN_SUSPICIOUS_MOVE = YES;
				CLANG_WARN_UNGUARDED_AVAILABILITY = YES_AGGRESSIVE;
				CLANG_WARN_UNREACHABLE_CODE = YES;
				CLANG_WARN__DUPLICATE_METHOD_MATCH = YES;
				COPY_PHASE_STRIP = NO;
				DEBUG_INFORMATION_FORMAT = "dwarf-with-dsym";
				ENABLE_NS_ASSERTIONS = NO;
				ENABLE_STRICT_OBJC_MSGSEND = YES;
				EXCLUDED_ARCHS = "";
				GCC_C_LANGUAGE_STANDARD = gnu11;
				GCC_NO_COMMON_BLOCKS = YES;
				GCC_WARN_64_TO_32_BIT_CONVERSION = YES;
				GCC_WARN_ABOUT_RETURN_TYPE = YES_ERROR;
				GCC_WARN_UNDECLARED_SELECTOR = YES;
				GCC_WARN_UNINITIALIZED_AUTOS = YES_AGGRESSIVE;
				GCC_WARN_UNUSED_FUNCTION = YES;
				GCC_WARN_UNUSED_VARIABLE = YES;
				IPHONEOS_DEPLOYMENT_TARGET = 14.5;
				MTL_ENABLE_DEBUG_INFO = NO;
				MTL_FAST_MATH = YES;
				OTHER_LDFLAGS = "-ObjC";
				OTHER_SWIFT_FLAGS = "-D DEVELOP_RELEASE";
				SDKROOT = iphoneos;
				SWIFT_COMPILATION_MODE = wholemodule;
				SWIFT_OPTIMIZATION_LEVEL = "-O";
				TARGETED_DEVICE_FAMILY = 1;
				VALIDATE_PRODUCT = YES;
			};
			name = Develop_Release;
		};
		2A93641125C56D4A00BD4FEA /* Develop_Release */ = {
			isa = XCBuildConfiguration;
			buildSettings = {
				ASSETCATALOG_COMPILER_APPICON_NAME = "AppIcon-Develop-Release";
				ASSETCATALOG_COMPILER_GLOBAL_ACCENT_COLOR_NAME = AccentColor;
				CODE_SIGN_IDENTITY = "Apple Development";
				CODE_SIGN_STYLE = Automatic;
				DEVELOPMENT_ASSET_PATHS = "\"ComparePrices/Preview Content\"";
				DEVELOPMENT_TEAM = V93B98246Y;
				ENABLE_PREVIEWS = YES;
				INFOPLIST_FILE = ComparePrices/Info.plist;
				IPHONEOS_DEPLOYMENT_TARGET = 14.0;
				LD_RUNPATH_SEARCH_PATHS = (
					"$(inherited)",
					"@executable_path/Frameworks",
				);
				OTHER_LDFLAGS = "-ObjC";
				PRODUCT_BUNDLE_IDENTIFIER = com.ororoauto.ComparePrices.develop;
				PRODUCT_NAME = "$(TARGET_NAME)DevRelease";
				PROVISIONING_PROFILE_SPECIFIER = "";
				SWIFT_VERSION = 5.0;
				TARGETED_DEVICE_FAMILY = 1;
			};
			name = Develop_Release;
		};
		2A93641425C56D4A00BD4FEA /* Develop_Release */ = {
			isa = XCBuildConfiguration;
			buildSettings = {
				ALWAYS_EMBED_SWIFT_STANDARD_LIBRARIES = YES;
				BUNDLE_LOADER = "$(TEST_HOST)";
				CODE_SIGN_STYLE = Automatic;
				INFOPLIST_FILE = ComparePricesTests/Info.plist;
				IPHONEOS_DEPLOYMENT_TARGET = 14.0;
				LD_RUNPATH_SEARCH_PATHS = (
					"$(inherited)",
					"@executable_path/Frameworks",
					"@loader_path/Frameworks",
				);
				PRODUCT_BUNDLE_IDENTIFIER = com.ororoauto.ComparePricesTests;
				PRODUCT_NAME = "$(TARGET_NAME)";
				SWIFT_VERSION = 5.0;
				TARGETED_DEVICE_FAMILY = 1;
				TEST_HOST = "$(BUILT_PRODUCTS_DIR)/ComparePricesDevRelease.app/ComparePricesDevRelease";
			};
			name = Develop_Release;
		};
		2A93641725C56D4A00BD4FEA /* Develop_Release */ = {
			isa = XCBuildConfiguration;
			buildSettings = {
				ALWAYS_EMBED_SWIFT_STANDARD_LIBRARIES = YES;
				CODE_SIGN_STYLE = Automatic;
				INFOPLIST_FILE = ComparePricesUITests/Info.plist;
				LD_RUNPATH_SEARCH_PATHS = (
					"$(inherited)",
					"@executable_path/Frameworks",
					"@loader_path/Frameworks",
				);
				PRODUCT_BUNDLE_IDENTIFIER = com.ororoauto.ComparePricesUITests;
				PRODUCT_NAME = "$(TARGET_NAME)";
				SWIFT_VERSION = 5.0;
				TARGETED_DEVICE_FAMILY = 1;
				TEST_TARGET_NAME = ComparePrices;
			};
			name = Develop_Release;
		};
		7CA6700C263C5EAD007FCF10 /* Develop_Debug */ = {
			isa = XCBuildConfiguration;
			buildSettings = {
				ALWAYS_SEARCH_USER_PATHS = NO;
				CLANG_ANALYZER_NONNULL = YES;
				CLANG_ANALYZER_NUMBER_OBJECT_CONVERSION = YES_AGGRESSIVE;
				CLANG_CXX_LANGUAGE_STANDARD = "gnu++14";
				CLANG_CXX_LIBRARY = "libc++";
				CLANG_ENABLE_MODULES = YES;
				CLANG_ENABLE_OBJC_ARC = YES;
				CLANG_ENABLE_OBJC_WEAK = YES;
				CLANG_WARN_BLOCK_CAPTURE_AUTORELEASING = YES;
				CLANG_WARN_BOOL_CONVERSION = YES;
				CLANG_WARN_COMMA = YES;
				CLANG_WARN_CONSTANT_CONVERSION = YES;
				CLANG_WARN_DEPRECATED_OBJC_IMPLEMENTATIONS = YES;
				CLANG_WARN_DIRECT_OBJC_ISA_USAGE = YES_ERROR;
				CLANG_WARN_DOCUMENTATION_COMMENTS = YES;
				CLANG_WARN_EMPTY_BODY = YES;
				CLANG_WARN_ENUM_CONVERSION = YES;
				CLANG_WARN_INFINITE_RECURSION = YES;
				CLANG_WARN_INT_CONVERSION = YES;
				CLANG_WARN_NON_LITERAL_NULL_CONVERSION = YES;
				CLANG_WARN_OBJC_IMPLICIT_RETAIN_SELF = YES;
				CLANG_WARN_OBJC_LITERAL_CONVERSION = YES;
				CLANG_WARN_OBJC_ROOT_CLASS = YES_ERROR;
				CLANG_WARN_QUOTED_INCLUDE_IN_FRAMEWORK_HEADER = YES;
				CLANG_WARN_RANGE_LOOP_ANALYSIS = YES;
				CLANG_WARN_STRICT_PROTOTYPES = YES;
				CLANG_WARN_SUSPICIOUS_MOVE = YES;
				CLANG_WARN_UNGUARDED_AVAILABILITY = YES_AGGRESSIVE;
				CLANG_WARN_UNREACHABLE_CODE = YES;
				CLANG_WARN__DUPLICATE_METHOD_MATCH = YES;
				COPY_PHASE_STRIP = NO;
				DEBUG_INFORMATION_FORMAT = dwarf;
				ENABLE_STRICT_OBJC_MSGSEND = YES;
				ENABLE_TESTABILITY = YES;
				EXCLUDED_ARCHS = "";
				GCC_C_LANGUAGE_STANDARD = gnu11;
				GCC_DYNAMIC_NO_PIC = NO;
				GCC_NO_COMMON_BLOCKS = YES;
				GCC_OPTIMIZATION_LEVEL = 0;
				GCC_PREPROCESSOR_DEFINITIONS = (
					"DEBUG=1",
					"$(inherited)",
				);
				GCC_WARN_64_TO_32_BIT_CONVERSION = YES;
				GCC_WARN_ABOUT_RETURN_TYPE = YES_ERROR;
				GCC_WARN_UNDECLARED_SELECTOR = YES;
				GCC_WARN_UNINITIALIZED_AUTOS = YES_AGGRESSIVE;
				GCC_WARN_UNUSED_FUNCTION = YES;
				GCC_WARN_UNUSED_VARIABLE = YES;
				IPHONEOS_DEPLOYMENT_TARGET = 14.5;
				MTL_ENABLE_DEBUG_INFO = INCLUDE_SOURCE;
				MTL_FAST_MATH = YES;
				ONLY_ACTIVE_ARCH = YES;
				OTHER_LDFLAGS = "-ObjC";
				OTHER_SWIFT_FLAGS = "-D DEVELOP_DEBUG";
				SDKROOT = iphoneos;
				SWIFT_ACTIVE_COMPILATION_CONDITIONS = DEBUG;
				SWIFT_OPTIMIZATION_LEVEL = "-Onone";
				TARGETED_DEVICE_FAMILY = 1;
			};
			name = Develop_Debug;
		};
		7CA6700D263C5EAD007FCF10 /* Develop_Debug */ = {
			isa = XCBuildConfiguration;
			buildSettings = {
				ASSETCATALOG_COMPILER_APPICON_NAME = "AppIcon-Develop-Debug";
				ASSETCATALOG_COMPILER_GLOBAL_ACCENT_COLOR_NAME = AccentColor;
				CODE_SIGN_IDENTITY = "Apple Development";
				CODE_SIGN_STYLE = Automatic;
				DEVELOPMENT_ASSET_PATHS = "\"ComparePrices/Preview Content\"";
				DEVELOPMENT_TEAM = V93B98246Y;
				ENABLE_PREVIEWS = YES;
				INFOPLIST_FILE = ComparePrices/Info.plist;
				IPHONEOS_DEPLOYMENT_TARGET = 14.0;
				LD_RUNPATH_SEARCH_PATHS = (
					"$(inherited)",
					"@executable_path/Frameworks",
				);
				OTHER_LDFLAGS = "-ObjC";
				PRODUCT_BUNDLE_IDENTIFIER = com.ororoauto.ComparePrices.develop;
				PRODUCT_NAME = "$(TARGET_NAME)DevDebug";
				PROVISIONING_PROFILE_SPECIFIER = "";
				SWIFT_VERSION = 5.0;
				TARGETED_DEVICE_FAMILY = 1;
			};
			name = Develop_Debug;
		};
		7CA6700E263C5EAD007FCF10 /* Develop_Debug */ = {
			isa = XCBuildConfiguration;
			buildSettings = {
				ALWAYS_EMBED_SWIFT_STANDARD_LIBRARIES = YES;
				BUNDLE_LOADER = "$(TEST_HOST)";
				CODE_SIGN_STYLE = Automatic;
				INFOPLIST_FILE = ComparePricesTests/Info.plist;
				IPHONEOS_DEPLOYMENT_TARGET = 14.0;
				LD_RUNPATH_SEARCH_PATHS = (
					"$(inherited)",
					"@executable_path/Frameworks",
					"@loader_path/Frameworks",
				);
				PRODUCT_BUNDLE_IDENTIFIER = com.ororoauto.ComparePricesTests;
				PRODUCT_NAME = "$(TARGET_NAME)";
				SWIFT_VERSION = 5.0;
				TARGETED_DEVICE_FAMILY = 1;
				TEST_HOST = "$(BUILT_PRODUCTS_DIR)/ComparePricesDevDebug.app/ComparePricesDevDebug";
			};
			name = Develop_Debug;
		};
		7CA6700F263C5EAD007FCF10 /* Develop_Debug */ = {
			isa = XCBuildConfiguration;
			buildSettings = {
				ALWAYS_EMBED_SWIFT_STANDARD_LIBRARIES = YES;
				CODE_SIGN_STYLE = Automatic;
				INFOPLIST_FILE = ComparePricesUITests/Info.plist;
				LD_RUNPATH_SEARCH_PATHS = (
					"$(inherited)",
					"@executable_path/Frameworks",
					"@loader_path/Frameworks",
				);
				PRODUCT_BUNDLE_IDENTIFIER = com.ororoauto.ComparePricesUITests;
				PRODUCT_NAME = "$(TARGET_NAME)";
				SWIFT_VERSION = 5.0;
				TARGETED_DEVICE_FAMILY = 1;
				TEST_TARGET_NAME = ComparePrices;
			};
			name = Develop_Debug;
		};
		7CA67014263C5EF7007FCF10 /* Production */ = {
			isa = XCBuildConfiguration;
			buildSettings = {
				ALWAYS_SEARCH_USER_PATHS = NO;
				CLANG_ANALYZER_NONNULL = YES;
				CLANG_ANALYZER_NUMBER_OBJECT_CONVERSION = YES_AGGRESSIVE;
				CLANG_CXX_LANGUAGE_STANDARD = "gnu++14";
				CLANG_CXX_LIBRARY = "libc++";
				CLANG_ENABLE_MODULES = YES;
				CLANG_ENABLE_OBJC_ARC = YES;
				CLANG_ENABLE_OBJC_WEAK = YES;
				CLANG_WARN_BLOCK_CAPTURE_AUTORELEASING = YES;
				CLANG_WARN_BOOL_CONVERSION = YES;
				CLANG_WARN_COMMA = YES;
				CLANG_WARN_CONSTANT_CONVERSION = YES;
				CLANG_WARN_DEPRECATED_OBJC_IMPLEMENTATIONS = YES;
				CLANG_WARN_DIRECT_OBJC_ISA_USAGE = YES_ERROR;
				CLANG_WARN_DOCUMENTATION_COMMENTS = YES;
				CLANG_WARN_EMPTY_BODY = YES;
				CLANG_WARN_ENUM_CONVERSION = YES;
				CLANG_WARN_INFINITE_RECURSION = YES;
				CLANG_WARN_INT_CONVERSION = YES;
				CLANG_WARN_NON_LITERAL_NULL_CONVERSION = YES;
				CLANG_WARN_OBJC_IMPLICIT_RETAIN_SELF = YES;
				CLANG_WARN_OBJC_LITERAL_CONVERSION = YES;
				CLANG_WARN_OBJC_ROOT_CLASS = YES_ERROR;
				CLANG_WARN_QUOTED_INCLUDE_IN_FRAMEWORK_HEADER = YES;
				CLANG_WARN_RANGE_LOOP_ANALYSIS = YES;
				CLANG_WARN_STRICT_PROTOTYPES = YES;
				CLANG_WARN_SUSPICIOUS_MOVE = YES;
				CLANG_WARN_UNGUARDED_AVAILABILITY = YES_AGGRESSIVE;
				CLANG_WARN_UNREACHABLE_CODE = YES;
				CLANG_WARN__DUPLICATE_METHOD_MATCH = YES;
				COPY_PHASE_STRIP = NO;
				DEBUG_INFORMATION_FORMAT = "dwarf-with-dsym";
				ENABLE_NS_ASSERTIONS = NO;
				ENABLE_STRICT_OBJC_MSGSEND = YES;
				EXCLUDED_ARCHS = "";
				GCC_C_LANGUAGE_STANDARD = gnu11;
				GCC_NO_COMMON_BLOCKS = YES;
				GCC_WARN_64_TO_32_BIT_CONVERSION = YES;
				GCC_WARN_ABOUT_RETURN_TYPE = YES_ERROR;
				GCC_WARN_UNDECLARED_SELECTOR = YES;
				GCC_WARN_UNINITIALIZED_AUTOS = YES_AGGRESSIVE;
				GCC_WARN_UNUSED_FUNCTION = YES;
				GCC_WARN_UNUSED_VARIABLE = YES;
				IPHONEOS_DEPLOYMENT_TARGET = 14.5;
				MTL_ENABLE_DEBUG_INFO = NO;
				MTL_FAST_MATH = YES;
				ONLY_ACTIVE_ARCH = NO;
				OTHER_LDFLAGS = "-ObjC";
				OTHER_SWIFT_FLAGS = "-D DEVELOP_RELEASE";
				SDKROOT = iphoneos;
				SWIFT_COMPILATION_MODE = wholemodule;
				SWIFT_OPTIMIZATION_LEVEL = "-O";
				TARGETED_DEVICE_FAMILY = 1;
				VALIDATE_PRODUCT = YES;
			};
			name = Production;
		};
		7CA67015263C5EF7007FCF10 /* Production */ = {
			isa = XCBuildConfiguration;
			buildSettings = {
				ASSETCATALOG_COMPILER_APPICON_NAME = "AppIcon-Production-Release";
				ASSETCATALOG_COMPILER_GLOBAL_ACCENT_COLOR_NAME = AccentColor;
				CODE_SIGN_IDENTITY = "Apple Development";
				CODE_SIGN_STYLE = Automatic;
				DEVELOPMENT_ASSET_PATHS = "\"ComparePrices/Preview Content\"";
				DEVELOPMENT_TEAM = V93B98246Y;
				ENABLE_PREVIEWS = YES;
				INFOPLIST_FILE = ComparePrices/Info.plist;
				IPHONEOS_DEPLOYMENT_TARGET = 14.0;
				LD_RUNPATH_SEARCH_PATHS = (
					"$(inherited)",
					"@executable_path/Frameworks",
				);
				OTHER_LDFLAGS = "-ObjC";
				PRODUCT_BUNDLE_IDENTIFIER = com.ororoauto.ComparePrices;
				PRODUCT_NAME = "$(TARGET_NAME)";
				PROVISIONING_PROFILE_SPECIFIER = "";
				SWIFT_VERSION = 5.0;
				TARGETED_DEVICE_FAMILY = 1;
			};
			name = Production;
		};
		7CA67016263C5EF7007FCF10 /* Production */ = {
			isa = XCBuildConfiguration;
			buildSettings = {
				ALWAYS_EMBED_SWIFT_STANDARD_LIBRARIES = YES;
				BUNDLE_LOADER = "$(TEST_HOST)";
				CODE_SIGN_STYLE = Automatic;
				INFOPLIST_FILE = ComparePricesTests/Info.plist;
				IPHONEOS_DEPLOYMENT_TARGET = 14.0;
				LD_RUNPATH_SEARCH_PATHS = (
					"$(inherited)",
					"@executable_path/Frameworks",
					"@loader_path/Frameworks",
				);
				PRODUCT_BUNDLE_IDENTIFIER = com.ororoauto.ComparePricesTests;
				PRODUCT_NAME = "$(TARGET_NAME)";
				SWIFT_VERSION = 5.0;
				TARGETED_DEVICE_FAMILY = 1;
				TEST_HOST = "$(BUILT_PRODUCTS_DIR)/ComparePrices.app/ComparePrices";
			};
			name = Production;
		};
		7CA67017263C5EF7007FCF10 /* Production */ = {
			isa = XCBuildConfiguration;
			buildSettings = {
				ALWAYS_EMBED_SWIFT_STANDARD_LIBRARIES = YES;
				CODE_SIGN_STYLE = Automatic;
				INFOPLIST_FILE = ComparePricesUITests/Info.plist;
				LD_RUNPATH_SEARCH_PATHS = (
					"$(inherited)",
					"@executable_path/Frameworks",
					"@loader_path/Frameworks",
				);
				PRODUCT_BUNDLE_IDENTIFIER = com.ororoauto.ComparePricesUITests;
				PRODUCT_NAME = "$(TARGET_NAME)";
				SWIFT_VERSION = 5.0;
				TARGETED_DEVICE_FAMILY = 1;
				TEST_TARGET_NAME = ComparePrices;
			};
			name = Production;
		};
/* End XCBuildConfiguration section */

/* Begin XCConfigurationList section */
		2A9363E525C56D4A00BD4FEA /* Build configuration list for PBXProject "ComparePrices" */ = {
			isa = XCConfigurationList;
			buildConfigurations = (
				7CA6700C263C5EAD007FCF10 /* Develop_Debug */,
				2A93640E25C56D4A00BD4FEA /* Develop_Release */,
				7CA67014263C5EF7007FCF10 /* Production */,
			);
			defaultConfigurationIsVisible = 0;
			defaultConfigurationName = Develop_Debug;
		};
		2A93640F25C56D4A00BD4FEA /* Build configuration list for PBXNativeTarget "ComparePrices" */ = {
			isa = XCConfigurationList;
			buildConfigurations = (
				7CA6700D263C5EAD007FCF10 /* Develop_Debug */,
				2A93641125C56D4A00BD4FEA /* Develop_Release */,
				7CA67015263C5EF7007FCF10 /* Production */,
			);
			defaultConfigurationIsVisible = 0;
			defaultConfigurationName = Develop_Debug;
		};
		2A93641225C56D4A00BD4FEA /* Build configuration list for PBXNativeTarget "ComparePricesTests" */ = {
			isa = XCConfigurationList;
			buildConfigurations = (
				7CA6700E263C5EAD007FCF10 /* Develop_Debug */,
				2A93641425C56D4A00BD4FEA /* Develop_Release */,
				7CA67016263C5EF7007FCF10 /* Production */,
			);
			defaultConfigurationIsVisible = 0;
			defaultConfigurationName = Develop_Debug;
		};
		2A93641525C56D4A00BD4FEA /* Build configuration list for PBXNativeTarget "ComparePricesUITests" */ = {
			isa = XCConfigurationList;
			buildConfigurations = (
				7CA6700F263C5EAD007FCF10 /* Develop_Debug */,
				2A93641725C56D4A00BD4FEA /* Develop_Release */,
				7CA67017263C5EF7007FCF10 /* Production */,
			);
			defaultConfigurationIsVisible = 0;
			defaultConfigurationName = Develop_Debug;
		};
/* End XCConfigurationList section */

/* Begin XCRemoteSwiftPackageReference section */
		7C497344263F04BB0051091B /* XCRemoteSwiftPackageReference "SFSafeSymbols" */ = {
			isa = XCRemoteSwiftPackageReference;
			repositoryURL = "https://github.com/piknotech/SFSafeSymbols";
			requirement = {
				kind = upToNextMajorVersion;
				minimumVersion = 2.1.3;
			};
		};
		7CF965DD263DB99F00775320 /* XCRemoteSwiftPackageReference "firebase-ios-sdk" */ = {
			isa = XCRemoteSwiftPackageReference;
			repositoryURL = "https://github.com/firebase/firebase-ios-sdk.git";
			requirement = {
				kind = upToNextMajorVersion;
				minimumVersion = 7.11.1;
			};
		};
		7CF965FF263EECEB00775320 /* XCRemoteSwiftPackageReference "R.swift.Library" */ = {
			isa = XCRemoteSwiftPackageReference;
			repositoryURL = "https://github.com/mac-cain13/R.swift.Library.git";
			requirement = {
				kind = upToNextMajorVersion;
				minimumVersion = 5.4.0;
			};
		};
/* End XCRemoteSwiftPackageReference section */

/* Begin XCSwiftPackageProductDependency section */
		7C497345263F04BB0051091B /* SFSafeSymbols */ = {
			isa = XCSwiftPackageProductDependency;
			package = 7C497344263F04BB0051091B /* XCRemoteSwiftPackageReference "SFSafeSymbols" */;
			productName = SFSafeSymbols;
		};
		7CF965DE263DB99F00775320 /* FirebaseFirestore */ = {
			isa = XCSwiftPackageProductDependency;
			package = 7CF965DD263DB99F00775320 /* XCRemoteSwiftPackageReference "firebase-ios-sdk" */;
			productName = FirebaseFirestore;
		};
		7CF965E0263DB99F00775320 /* FirebaseAppDistribution-Beta */ = {
			isa = XCSwiftPackageProductDependency;
			package = 7CF965DD263DB99F00775320 /* XCRemoteSwiftPackageReference "firebase-ios-sdk" */;
			productName = "FirebaseAppDistribution-Beta";
		};
		7CF965E2263DB99F00775320 /* FirebaseFirestoreSwift-Beta */ = {
			isa = XCSwiftPackageProductDependency;
			package = 7CF965DD263DB99F00775320 /* XCRemoteSwiftPackageReference "firebase-ios-sdk" */;
			productName = "FirebaseFirestoreSwift-Beta";
		};
		7CF965E6263DB99F00775320 /* FirebaseAnalytics */ = {
			isa = XCSwiftPackageProductDependency;
			package = 7CF965DD263DB99F00775320 /* XCRemoteSwiftPackageReference "firebase-ios-sdk" */;
			productName = FirebaseAnalytics;
		};
		7CF965E8263DB99F00775320 /* FirebaseCrashlytics */ = {
			isa = XCSwiftPackageProductDependency;
			package = 7CF965DD263DB99F00775320 /* XCRemoteSwiftPackageReference "firebase-ios-sdk" */;
			productName = FirebaseCrashlytics;
		};
		7CF965EA263DB99F00775320 /* FirebaseAuth */ = {
			isa = XCSwiftPackageProductDependency;
			package = 7CF965DD263DB99F00775320 /* XCRemoteSwiftPackageReference "firebase-ios-sdk" */;
			productName = FirebaseAuth;
		};
		7CF96600263EECEB00775320 /* Rswift */ = {
			isa = XCSwiftPackageProductDependency;
			package = 7CF965FF263EECEB00775320 /* XCRemoteSwiftPackageReference "R.swift.Library" */;
			productName = Rswift;
		};
/* End XCSwiftPackageProductDependency section */
	};
	rootObject = 2A9363E225C56D4A00BD4FEA /* Project object */;
}
